
Microsoft Visual Studio Solution File, Format Version 12.00
# Visual Studio 15
Project("{FAE04EC0-301F-11D3-BF4B-00C04F79EFBC}") = "IslandAdventure2", "IslandAdventure2.csproj", "{38769129-7CA0-4AE8-8796-80B3DE231678}"
EndProject
Global
	GlobalSection(SolutionConfigurationPlatforms) = preSolution
		Debug|Any CPU = Debug|Any CPU
		Release|Any CPU = Release|Any CPU
	EndGlobalSection
	GlobalSection(ProjectConfigurationPlatforms) = postSolution
		{38769129-7CA0-4AE8-8796-80B3DE231678}.Debug|Any CPU.ActiveCfg = Debug|Any CPU
		{38769129-7CA0-4AE8-8796-80B3DE231678}.Debug|Any CPU.Build.0 = Debug|Any CPU
		{38769129-7CA0-4AE8-8796-80B3DE231678}.Release|Any CPU.ActiveCfg = Release|Any CPU
		{38769129-7CA0-4AE8-8796-80B3DE231678}.Release|Any CPU.Build.0 = Release|Any CPU
	EndGlobalSection
EndGlobal
